
Microsoft Visual Studio Solution File, Format Version 12.00
# Visual Studio Version 16
VisualStudioVersion = 16.0.30503.244
MinimumVisualStudioVersion = 10.0.40219.1
Project("{9A19103F-16F7-4668-BE54-9A1E7A4F7556}") = "ParksAPI", "ParksAPI\ParksAPI.csproj", "{7467CEFF-002E-4988-9012-3AA252E18CF8}"
EndProject
Project("{9A19103F-16F7-4668-BE54-9A1E7A4F7556}") = "ParksModels", "ParksModels\ParksModels.csproj", "{54BCCFF4-975A-48C9-B628-603964AC7C21}"
EndProject
Project("{2150E333-8FDC-42A3-9474-1A3956D46DE8}") = "Solution Items", "Solution Items", "{8D3FE06E-67EF-4D79-8ED1-29C3A7A52D0E}"
	ProjectSection(SolutionItems) = preProject
		Guide.txt = Guide.txt
	EndProjectSection
EndProject
Project("{FAE04EC0-301F-11D3-BF4B-00C04F79EFBC}") = "ParksWeb", "ParksWeb\ParksWeb.csproj", "{6BCBB747-0D0D-42A7-BC04-A596D9155D8E}"
EndProject
Global
	GlobalSection(SolutionConfigurationPlatforms) = preSolution
		Debug|Any CPU = Debug|Any CPU
		Release|Any CPU = Release|Any CPU
	EndGlobalSection
	GlobalSection(ProjectConfigurationPlatforms) = postSolution
		{7467CEFF-002E-4988-9012-3AA252E18CF8}.Debug|Any CPU.ActiveCfg = Debug|Any CPU
		{7467CEFF-002E-4988-9012-3AA252E18CF8}.Debug|Any CPU.Build.0 = Debug|Any CPU
		{7467CEFF-002E-4988-9012-3AA252E18CF8}.Release|Any CPU.ActiveCfg = Release|Any CPU
		{7467CEFF-002E-4988-9012-3AA252E18CF8}.Release|Any CPU.Build.0 = Release|Any CPU
		{54BCCFF4-975A-48C9-B628-603964AC7C21}.Debug|Any CPU.ActiveCfg = Debug|Any CPU
		{54BCCFF4-975A-48C9-B628-603964AC7C21}.Debug|Any CPU.Build.0 = Debug|Any CPU
		{54BCCFF4-975A-48C9-B628-603964AC7C21}.Release|Any CPU.ActiveCfg = Release|Any CPU
		{54BCCFF4-975A-48C9-B628-603964AC7C21}.Release|Any CPU.Build.0 = Release|Any CPU
		{6BCBB747-0D0D-42A7-BC04-A596D9155D8E}.Debug|Any CPU.ActiveCfg = Debug|Any CPU
		{6BCBB747-0D0D-42A7-BC04-A596D9155D8E}.Debug|Any CPU.Build.0 = Debug|Any CPU
		{6BCBB747-0D0D-42A7-BC04-A596D9155D8E}.Release|Any CPU.ActiveCfg = Release|Any CPU
		{6BCBB747-0D0D-42A7-BC04-A596D9155D8E}.Release|Any CPU.Build.0 = Release|Any CPU
	EndGlobalSection
	GlobalSection(SolutionProperties) = preSolution
		HideSolutionNode = FALSE
	EndGlobalSection
	GlobalSection(ExtensibilityGlobals) = postSolution
		SolutionGuid = {4457A568-0A2B-4262-ABD1-ECFDC4EBA082}
	EndGlobalSection
EndGlobal
